PODS:
  - AMap3DMap (6.3.0):
    - AMapFoundation (~> 1.5)
  - AMapFoundation (1.5.3)
  - AMapLocation (2.6.0):
    - AMapFoundation (~> 1.4)
  - AMapSearch (6.1.1):
    - AMapFoundation (~> 1.4)
  - mob_smssdk (3.2.1):
    - MOBFoundation
  - MOBFoundation (3.1.6)
  - WechatOpenSDK (1.8.2)

DEPENDENCIES:
  - AMap3DMap
  - AMapLocation
  - AMapSearch
  - mob_smssdk
  - WechatOpenSDK

SPEC CHECKSUMS:
  AMap3DMap: 1bb48f98ecb46682f145881692e7b06adcd06a93
  AMapFoundation: 58f883c80754c659cf626deb3150936bfe8f1772
  AMapLocation: 55116a2c8956eab7550cbb56e989aa5cdcc424e3
  AMapSearch: 3dcbf85c403a2a0fe0eda5318caabc272b31f5e1
  mob_smssdk: edc462704cc07c6d245eee16c4c09ac4f4d53e61
  MOBFoundation: a87c5f11fb87f873337189c3ec0add4d3ec6221a
  WechatOpenSDK: 676feec516a11173eafd1fe64b10d27babf28701

PODFILE CHECKSUM: de2ebd50c656f643aca045013fbe4ae9bf6fd245

COCOAPODS: 1.3.1
